
Microsoft Visual Studio Solution File, Format Version 12.00
# Visual Studio Version 17
VisualStudioVersion = 17.0.32112.339
MinimumVisualStudioVersion = 10.0.40219.1
Project("{FAE04EC0-301F-11D3-BF4B-00C04F79EFBC}") = "KilnFiringProfile", "KilnFiringProfile\KilnFiringProfile.csproj", "{C747701F-8860-43AA-AD75-274DE209A9DD}"
EndProject
Project("{FAE04EC0-301F-11D3-BF4B-00C04F79EFBC}") = "CreateChannel", "CreateChannel\CreateChannel.csproj", "{D0B48C29-3246-47E2-B0C1-850A6AEF8876}"
EndProject
Project("{9A19103F-16F7-4668-BE54-9A1E7A4F7556}") = "TestMariaDB", "TestMariaDB\TestMariaDB.csproj", "{77524B06-F9B2-4465-B6A3-925B26762E0F}"
EndProject
Project("{FAE04EC0-301F-11D3-BF4B-00C04F79EFBC}") = "KilnFiringMD", "KilnFiringMD\KilnFiringMD.csproj", "{E7EC8EFD-D58A-40AE-A3A3-88EB1CA40349}"
EndProject
Global
	GlobalSection(SolutionConfigurationPlatforms) = preSolution
		Debug|Any CPU = Debug|Any CPU
		Release|Any CPU = Release|Any CPU
	EndGlobalSection
	GlobalSection(ProjectConfigurationPlatforms) = postSolution
		{C747701F-8860-43AA-AD75-274DE209A9DD}.Debug|Any CPU.ActiveCfg = Debug|Any CPU
		{C747701F-8860-43AA-AD75-274DE209A9DD}.Debug|Any CPU.Build.0 = Debug|Any CPU
		{C747701F-8860-43AA-AD75-274DE209A9DD}.Release|Any CPU.ActiveCfg = Release|Any CPU
		{C747701F-8860-43AA-AD75-274DE209A9DD}.Release|Any CPU.Build.0 = Release|Any CPU
		{D0B48C29-3246-47E2-B0C1-850A6AEF8876}.Debug|Any CPU.ActiveCfg = Debug|Any CPU
		{D0B48C29-3246-47E2-B0C1-850A6AEF8876}.Debug|Any CPU.Build.0 = Debug|Any CPU
		{D0B48C29-3246-47E2-B0C1-850A6AEF8876}.Release|Any CPU.ActiveCfg = Release|Any CPU
		{D0B48C29-3246-47E2-B0C1-850A6AEF8876}.Release|Any CPU.Build.0 = Release|Any CPU
		{77524B06-F9B2-4465-B6A3-925B26762E0F}.Debug|Any CPU.ActiveCfg = Debug|Any CPU
		{77524B06-F9B2-4465-B6A3-925B26762E0F}.Debug|Any CPU.Build.0 = Debug|Any CPU
		{77524B06-F9B2-4465-B6A3-925B26762E0F}.Release|Any CPU.ActiveCfg = Release|Any CPU
		{77524B06-F9B2-4465-B6A3-925B26762E0F}.Release|Any CPU.Build.0 = Release|Any CPU
		{E7EC8EFD-D58A-40AE-A3A3-88EB1CA40349}.Debug|Any CPU.ActiveCfg = Debug|Any CPU
		{E7EC8EFD-D58A-40AE-A3A3-88EB1CA40349}.Debug|Any CPU.Build.0 = Debug|Any CPU
		{E7EC8EFD-D58A-40AE-A3A3-88EB1CA40349}.Release|Any CPU.ActiveCfg = Release|Any CPU
		{E7EC8EFD-D58A-40AE-A3A3-88EB1CA40349}.Release|Any CPU.Build.0 = Release|Any CPU
	EndGlobalSection
	GlobalSection(SolutionProperties) = preSolution
		HideSolutionNode = FALSE
	EndGlobalSection
	GlobalSection(ExtensibilityGlobals) = postSolution
		SolutionGuid = {0A3A0E40-CD84-4761-8E0D-55F825F40197}
	EndGlobalSection
EndGlobal
